
Microsoft Visual Studio Solution File, Format Version 12.00
# Visual Studio 15
VisualStudioVersion = 15.0.26124.0
MinimumVisualStudioVersion = 15.0.26124.0
Project("{FAE04EC0-301F-11D3-BF4B-00C04F79EFBC}") = "Text.Tests", "Text.Tests\Text.Tests.csproj", "{3C828592-89F7-4297-B44C-7CBE32EF95F0}"
EndProject
Project("{FAE04EC0-301F-11D3-BF4B-00C04F79EFBC}") = "Text", "Text\Text.csproj", "{47C7F348-2629-4CB7-BB05-834058142916}"
EndProject
Global
	GlobalSection(SolutionConfigurationPlatforms) = preSolution
		Debug|Any CPU = Debug|Any CPU
		Debug|x64 = Debug|x64
		Debug|x86 = Debug|x86
		Release|Any CPU = Release|Any CPU
		Release|x64 = Release|x64
		Release|x86 = Release|x86
	EndGlobalSection
	GlobalSection(SolutionProperties) = preSolution
		HideSolutionNode = FALSE
	EndGlobalSection
	GlobalSection(ProjectConfigurationPlatforms) = postSolution
		{3C828592-89F7-4297-B44C-7CBE32EF95F0}.Debug|Any CPU.ActiveCfg = Debug|Any CPU
		{3C828592-89F7-4297-B44C-7CBE32EF95F0}.Debug|Any CPU.Build.0 = Debug|Any CPU
		{3C828592-89F7-4297-B44C-7CBE32EF95F0}.Debug|x64.ActiveCfg = Debug|Any CPU
		{3C828592-89F7-4297-B44C-7CBE32EF95F0}.Debug|x64.Build.0 = Debug|Any CPU
		{3C828592-89F7-4297-B44C-7CBE32EF95F0}.Debug|x86.ActiveCfg = Debug|Any CPU
		{3C828592-89F7-4297-B44C-7CBE32EF95F0}.Debug|x86.Build.0 = Debug|Any CPU
		{3C828592-89F7-4297-B44C-7CBE32EF95F0}.Release|Any CPU.ActiveCfg = Release|Any CPU
		{3C828592-89F7-4297-B44C-7CBE32EF95F0}.Release|Any CPU.Build.0 = Release|Any CPU
		{3C828592-89F7-4297-B44C-7CBE32EF95F0}.Release|x64.ActiveCfg = Release|Any CPU
		{3C828592-89F7-4297-B44C-7CBE32EF95F0}.Release|x64.Build.0 = Release|Any CPU
		{3C828592-89F7-4297-B44C-7CBE32EF95F0}.Release|x86.ActiveCfg = Release|Any CPU
		{3C828592-89F7-4297-B44C-7CBE32EF95F0}.Release|x86.Build.0 = Release|Any CPU
		{47C7F348-2629-4CB7-BB05-834058142916}.Debug|Any CPU.ActiveCfg = Debug|Any CPU
		{47C7F348-2629-4CB7-BB05-834058142916}.Debug|Any CPU.Build.0 = Debug|Any CPU
		{47C7F348-2629-4CB7-BB05-834058142916}.Debug|x64.ActiveCfg = Debug|Any CPU
		{47C7F348-2629-4CB7-BB05-834058142916}.Debug|x64.Build.0 = Debug|Any CPU
		{47C7F348-2629-4CB7-BB05-834058142916}.Debug|x86.ActiveCfg = Debug|Any CPU
		{47C7F348-2629-4CB7-BB05-834058142916}.Debug|x86.Build.0 = Debug|Any CPU
		{47C7F348-2629-4CB7-BB05-834058142916}.Release|Any CPU.ActiveCfg = Release|Any CPU
		{47C7F348-2629-4CB7-BB05-834058142916}.Release|Any CPU.Build.0 = Release|Any CPU
		{47C7F348-2629-4CB7-BB05-834058142916}.Release|x64.ActiveCfg = Release|Any CPU
		{47C7F348-2629-4CB7-BB05-834058142916}.Release|x64.Build.0 = Release|Any CPU
		{47C7F348-2629-4CB7-BB05-834058142916}.Release|x86.ActiveCfg = Release|Any CPU
		{47C7F348-2629-4CB7-BB05-834058142916}.Release|x86.Build.0 = Release|Any CPU
	EndGlobalSection
EndGlobal
